
Microsoft Visual Studio Solution File, Format Version 12.00
# Visual Studio Version 17
VisualStudioVersion = 17.0.31903.59
MinimumVisualStudioVersion = 10.0.40219.1
Project("{2150E333-8FDC-42A3-9474-1A3956D46DE8}") = "src", "src", "{86BEC5C3-E96F-46E0-8BDC-EBB89F544AAB}"
EndProject
Project("{FAE04EC0-301F-11D3-BF4B-00C04F79EFBC}") = "MilkyWare.Sarif.Converter", "src\MilkyWare.Sarif.Converter\MilkyWare.Sarif.Converter.csproj", "{120C86FD-E7F6-41A0-B95B-638DCE977279}"
EndProject
Project("{2150E333-8FDC-42A3-9474-1A3956D46DE8}") = "tests", "tests", "{0AB3BF05-4346-4AA6-1389-037BE0695223}"
EndProject
Project("{FAE04EC0-301F-11D3-BF4B-00C04F79EFBC}") = "MilkyWare.Sarif.ConverterTests", "tests\MilkyWare.Sarif.ConverterTests\MilkyWare.Sarif.ConverterTests.csproj", "{9DD24479-B05A-4125-B091-E24BCD5BC580}"
EndProject
Global
	GlobalSection(SolutionConfigurationPlatforms) = preSolution
		Debug|Any CPU = Debug|Any CPU
		Debug|x64 = Debug|x64
		Debug|x86 = Debug|x86
		Release|Any CPU = Release|Any CPU
		Release|x64 = Release|x64
		Release|x86 = Release|x86
	EndGlobalSection
	GlobalSection(ProjectConfigurationPlatforms) = postSolution
		{120C86FD-E7F6-41A0-B95B-638DCE977279}.Debug|Any CPU.ActiveCfg = Debug|Any CPU
		{120C86FD-E7F6-41A0-B95B-638DCE977279}.Debug|Any CPU.Build.0 = Debug|Any CPU
		{120C86FD-E7F6-41A0-B95B-638DCE977279}.Debug|x64.ActiveCfg = Debug|Any CPU
		{120C86FD-E7F6-41A0-B95B-638DCE977279}.Debug|x64.Build.0 = Debug|Any CPU
		{120C86FD-E7F6-41A0-B95B-638DCE977279}.Debug|x86.ActiveCfg = Debug|Any CPU
		{120C86FD-E7F6-41A0-B95B-638DCE977279}.Debug|x86.Build.0 = Debug|Any CPU
		{120C86FD-E7F6-41A0-B95B-638DCE977279}.Release|Any CPU.ActiveCfg = Release|Any CPU
		{120C86FD-E7F6-41A0-B95B-638DCE977279}.Release|Any CPU.Build.0 = Release|Any CPU
		{120C86FD-E7F6-41A0-B95B-638DCE977279}.Release|x64.ActiveCfg = Release|Any CPU
		{120C86FD-E7F6-41A0-B95B-638DCE977279}.Release|x64.Build.0 = Release|Any CPU
		{120C86FD-E7F6-41A0-B95B-638DCE977279}.Release|x86.ActiveCfg = Release|Any CPU
		{120C86FD-E7F6-41A0-B95B-638DCE977279}.Release|x86.Build.0 = Release|Any CPU
		{9DD24479-B05A-4125-B091-E24BCD5BC580}.Debug|Any CPU.ActiveCfg = Debug|Any CPU
		{9DD24479-B05A-4125-B091-E24BCD5BC580}.Debug|Any CPU.Build.0 = Debug|Any CPU
		{9DD24479-B05A-4125-B091-E24BCD5BC580}.Debug|x64.ActiveCfg = Debug|Any CPU
		{9DD24479-B05A-4125-B091-E24BCD5BC580}.Debug|x64.Build.0 = Debug|Any CPU
		{9DD24479-B05A-4125-B091-E24BCD5BC580}.Debug|x86.ActiveCfg = Debug|Any CPU
		{9DD24479-B05A-4125-B091-E24BCD5BC580}.Debug|x86.Build.0 = Debug|Any CPU
		{9DD24479-B05A-4125-B091-E24BCD5BC580}.Release|Any CPU.ActiveCfg = Release|Any CPU
		{9DD24479-B05A-4125-B091-E24BCD5BC580}.Release|Any CPU.Build.0 = Release|Any CPU
		{9DD24479-B05A-4125-B091-E24BCD5BC580}.Release|x64.ActiveCfg = Release|Any CPU
		{9DD24479-B05A-4125-B091-E24BCD5BC580}.Release|x64.Build.0 = Release|Any CPU
		{9DD24479-B05A-4125-B091-E24BCD5BC580}.Release|x86.ActiveCfg = Release|Any CPU
		{9DD24479-B05A-4125-B091-E24BCD5BC580}.Release|x86.Build.0 = Release|Any CPU
	EndGlobalSection
	GlobalSection(SolutionProperties) = preSolution
		HideSolutionNode = FALSE
	EndGlobalSection
	GlobalSection(NestedProjects) = preSolution
		{120C86FD-E7F6-41A0-B95B-638DCE977279} = {86BEC5C3-E96F-46E0-8BDC-EBB89F544AAB}
		{9DD24479-B05A-4125-B091-E24BCD5BC580} = {0AB3BF05-4346-4AA6-1389-037BE0695223}
	EndGlobalSection
	GlobalSection(ExtensibilityGlobals) = postSolution
		SolutionGuid = {EBD6C666-A071-4FF9-B22A-44A3DD665453}
	EndGlobalSection
EndGlobal
